
Microsoft Visual Studio Solution File, Format Version 12.00
# Visual Studio 14
VisualStudioVersion = 14.0.23107.0
MinimumVisualStudioVersion = 10.0.40219.1
Project("{FAE04EC0-301F-11D3-BF4B-00C04F79EFBC}") = "FileSpace", "FileSpace\FileSpace.csproj", "{250459BA-89F9-47B7-B96B-4FDAC5F43F23}"
EndProject
Project("{FAE04EC0-301F-11D3-BF4B-00C04F79EFBC}") = "FileSpaceUnitTest", "FileSpaceUnitTest\FileSpaceUnitTest.csproj", "{4EF3C268-2C99-4F1C-815A-0AABB4DDC238}"
EndProject
Global
	GlobalSection(SolutionConfigurationPlatforms) = preSolution
		Debug|Any CPU = Debug|Any CPU
		Release|Any CPU = Release|Any CPU
	EndGlobalSection
	GlobalSection(ProjectConfigurationPlatforms) = postSolution
		{250459BA-89F9-47B7-B96B-4FDAC5F43F23}.Debug|Any CPU.ActiveCfg = Debug|Any CPU
		{250459BA-89F9-47B7-B96B-4FDAC5F43F23}.Debug|Any CPU.Build.0 = Debug|Any CPU
		{250459BA-89F9-47B7-B96B-4FDAC5F43F23}.Release|Any CPU.ActiveCfg = Release|Any CPU
		{250459BA-89F9-47B7-B96B-4FDAC5F43F23}.Release|Any CPU.Build.0 = Release|Any CPU
		{4EF3C268-2C99-4F1C-815A-0AABB4DDC238}.Debug|Any CPU.ActiveCfg = Debug|Any CPU
		{4EF3C268-2C99-4F1C-815A-0AABB4DDC238}.Debug|Any CPU.Build.0 = Debug|Any CPU
		{4EF3C268-2C99-4F1C-815A-0AABB4DDC238}.Release|Any CPU.ActiveCfg = Release|Any CPU
		{4EF3C268-2C99-4F1C-815A-0AABB4DDC238}.Release|Any CPU.Build.0 = Release|Any CPU
	EndGlobalSection
	GlobalSection(SolutionProperties) = preSolution
		HideSolutionNode = FALSE
	EndGlobalSection
EndGlobal
